
Microsoft Visual Studio Solution File, Format Version 12.00
# Visual Studio Version 17
VisualStudioVersion = 17.5.33530.505
MinimumVisualStudioVersion = 10.0.40219.1
Project("{FAE04EC0-301F-11D3-BF4B-00C04F79EFBC}") = "Epson", "Epson\Epson.csproj", "{9BDAD106-3F77-46FD-9E38-3CC4FA06BF99}"
EndProject
Global
	GlobalSection(SolutionConfigurationPlatforms) = preSolution
		Debug|Any CPU = Debug|Any CPU
		Release|Any CPU = Release|Any CPU
	EndGlobalSection
	GlobalSection(ProjectConfigurationPlatforms) = postSolution
		{9BDAD106-3F77-46FD-9E38-3CC4FA06BF99}.Debug|Any CPU.ActiveCfg = Debug|Any CPU
		{9BDAD106-3F77-46FD-9E38-3CC4FA06BF99}.Debug|Any CPU.Build.0 = Debug|Any CPU
		{9BDAD106-3F77-46FD-9E38-3CC4FA06BF99}.Release|Any CPU.ActiveCfg = Release|Any CPU
		{9BDAD106-3F77-46FD-9E38-3CC4FA06BF99}.Release|Any CPU.Build.0 = Release|Any CPU
	EndGlobalSection
	GlobalSection(SolutionProperties) = preSolution
		HideSolutionNode = FALSE
	EndGlobalSection
	GlobalSection(ExtensibilityGlobals) = postSolution
		SolutionGuid = {57C5A799-D986-480F-A205-DB24EB283A87}
	EndGlobalSection
EndGlobal
